{
  "lockfile_version": "1",
  "packages": {
    "python312Packages.pip@latest": {
      "last_modified": "2024-10-13T23:44:06Z",
      "resolved": "github:NixOS/nixpkgs/d4f247e89f6e10120f911e2e2d2254a050d0f732#python312Packages.pip",
      "source": "devbox-search",
      "version": "24.0",
      "systems": {
        "aarch64-darwin": {
          "outputs": [
            {
              "name": "out",
              "path": "/nix/store/nfwaj1bkgc7r8ww8as5vlakkx0dqdm92-python3.12-pip-24.0",
              "default": true
            },
            {
              "name": "man",
              "path": "/nix/store/dydf98ln2nh1dpg4md0h8bdrg9aiw08d-python3.12-pip-24.0-man",
              "default": true
            },
            {
              "name": "dist",
              "path": "/nix/store/2ly5k4y86l3qrwbv29qrac703rf3yrf8-python3.12-pip-24.0-dist"
            }
          ],
          "store_path": "/nix/store/nfwaj1bkgc7r8ww8as5vlakkx0dqdm92-python3.12-pip-24.0"
        },
        "aarch64-linux": {
          "outputs": [
            {
              "name": "out",
              "path": "/nix/store/9g48zma175vmrq9xa0s8w4nfgwhhk9wh-python3.12-pip-24.0",
              "default": true
            },
            {
              "name": "man",
              "path": "/nix/store/9kn4s36pmk7lhba9kcia53jz2jy0gy0k-python3.12-pip-24.0-man",
              "default": true
            },
            {
              "name": "dist",
              "path": "/nix/store/5wcmd1ffq74yhgq0kd3ndh8x32mqg38b-python3.12-pip-24.0-dist"
            }
          ],
          "store_path": "/nix/store/9g48zma175vmrq9xa0s8w4nfgwhhk9wh-python3.12-pip-24.0"
        },
        "x86_64-darwin": {
          "outputs": [
            {
              "name": "out",
              "path": "/nix/store/fnr4lhaj9x2z1k6c1l1xbkc99h9rrzvi-python3.12-pip-24.0",
              "default": true
            },
            {
              "name": "man",
              "path": "/nix/store/14ykfyn8dd1vikz25d0qp6ym9l9ydw28-python3.12-pip-24.0-man",
              "default": true
            },
            {
              "name": "dist",
              "path": "/nix/store/7g4d3c4x612198km9s64z2c7vzyif6pr-python3.12-pip-24.0-dist"
            }
          ],
          "store_path": "/nix/store/fnr4lhaj9x2z1k6c1l1xbkc99h9rrzvi-python3.12-pip-24.0"
        },
        "x86_64-linux": {
          "outputs": [
            {
              "name": "out",
              "path": "/nix/store/xdgmgzz3ng0bl0x5r6vmx0arqnfwsfj1-python3.12-pip-24.0",
              "default": true
            },
            {
              "name": "man",
              "path": "/nix/store/nwx48qabrxxksraxalizmg511bk2k05k-python3.12-pip-24.0-man",
              "default": true
            },
            {
              "name": "dist",
              "path": "/nix/store/a0hmr13jwn9q4ash7c1xlxaanmmgv6vs-python3.12-pip-24.0-dist"
            }
          ],
          "store_path": "/nix/store/xdgmgzz3ng0bl0x5r6vmx0arqnfwsfj1-python3.12-pip-24.0"
        }
      }
    },
    "python@latest": {
      "last_modified": "2024-10-13T23:44:06Z",
      "plugin_version": "0.0.4",
      "resolved": "github:NixOS/nixpkgs/d4f247e89f6e10120f911e2e2d2254a050d0f732#python313",
      "source": "devbox-search",
      "version": "3.13.0",
      "systems": {
        "aarch64-darwin": {
          "outputs": [
            {
              "name": "out",
              "path": "/nix/store/2ahfvy1y39mrj1mz31yc8zym38j8m1la-python3-3.13.0",
              "default": true
            }
          ],
          "store_path": "/nix/store/2ahfvy1y39mrj1mz31yc8zym38j8m1la-python3-3.13.0"
        },
        "aarch64-linux": {
          "outputs": [
            {
              "name": "out",
              "path": "/nix/store/nff95svq6dfimyss83lyfbg9yr2cfir2-python3-3.13.0",
              "default": true
            },
            {
              "name": "debug",
              "path": "/nix/store/za8bfjnpc5x2ahvx0mkgkalyiyzs18hj-python3-3.13.0-debug"
            }
          ],
          "store_path": "/nix/store/nff95svq6dfimyss83lyfbg9yr2cfir2-python3-3.13.0"
        },
        "x86_64-darwin": {
          "outputs": [
            {
              "name": "out",
              "path": "/nix/store/n0zynfviw7k7hv0s7ym18fzapmbmy6sd-python3-3.13.0",
              "default": true
            }
          ],
          "store_path": "/nix/store/n0zynfviw7k7hv0s7ym18fzapmbmy6sd-python3-3.13.0"
        },
        "x86_64-linux": {
          "outputs": [
            {
              "name": "out",
              "path": "/nix/store/py8lnnsvcp014n58xpjh9b82r3cp1k9i-python3-3.13.0",
              "default": true
            },
            {
              "name": "debug",
              "path": "/nix/store/y82vb5j2n07v51zg2hcm7ifvv27fqayx-python3-3.13.0-debug"
            }
          ],
          "store_path": "/nix/store/py8lnnsvcp014n58xpjh9b82r3cp1k9i-python3-3.13.0"
        }
      }
    }
  }
}
